
Microsoft Visual Studio Solution File, Format Version 12.00
# Visual Studio Version 17
VisualStudioVersion = 17.14.36414.22
MinimumVisualStudioVersion = 10.0.40219.1
Project("{888888A0-9F3D-457C-B088-3A5042F75D52}") = "ImageProcessorApp", "ImageProcessorApp.pyproj", "{73EC21A6-40DB-4754-9228-312C7F06E7E0}"
EndProject
Global
	GlobalSection(SolutionConfigurationPlatforms) = preSolution
		Debug|Any CPU = Debug|Any CPU
		Release|Any CPU = Release|Any CPU
	EndGlobalSection
	GlobalSection(ProjectConfigurationPlatforms) = postSolution
		{73EC21A6-40DB-4754-9228-312C7F06E7E0}.Debug|Any CPU.ActiveCfg = Debug|Any CPU
		{73EC21A6-40DB-4754-9228-312C7F06E7E0}.Release|Any CPU.ActiveCfg = Release|Any CPU
	EndGlobalSection
	GlobalSection(SolutionProperties) = preSolution
		HideSolutionNode = FALSE
	EndGlobalSection
	GlobalSection(ExtensibilityGlobals) = postSolution
		SolutionGuid = {5EE071BB-725A-4243-827E-B99123D7C493}
	EndGlobalSection
EndGlobal
